
Microsoft Visual Studio Solution File, Format Version 12.00
# Visual Studio 2013
VisualStudioVersion = 12.0.31101.0
MinimumVisualStudioVersion = 10.0.40219.1
Project("{FAE04EC0-301F-11D3-BF4B-00C04F79EFBC}") = "Outsourcing", "Outsourcing\Outsourcing.csproj", "{61C7F2CD-B97C-4CBB-A9EB-D46DC29BF932}"
EndProject
Project("{FAE04EC0-301F-11D3-BF4B-00C04F79EFBC}") = "Outsourcing.Tests", "Outsourcing.Tests\Outsourcing.Tests.csproj", "{526FE245-5297-419A-B9E3-F5A095FE9BFC}"
EndProject
Global
	GlobalSection(SolutionConfigurationPlatforms) = preSolution
		Debug|Any CPU = Debug|Any CPU
		Release|Any CPU = Release|Any CPU
	EndGlobalSection
	GlobalSection(ProjectConfigurationPlatforms) = postSolution
		{61C7F2CD-B97C-4CBB-A9EB-D46DC29BF932}.Debug|Any CPU.ActiveCfg = Debug|Any CPU
		{61C7F2CD-B97C-4CBB-A9EB-D46DC29BF932}.Debug|Any CPU.Build.0 = Debug|Any CPU
		{61C7F2CD-B97C-4CBB-A9EB-D46DC29BF932}.Release|Any CPU.ActiveCfg = Release|Any CPU
		{61C7F2CD-B97C-4CBB-A9EB-D46DC29BF932}.Release|Any CPU.Build.0 = Release|Any CPU
		{526FE245-5297-419A-B9E3-F5A095FE9BFC}.Debug|Any CPU.ActiveCfg = Debug|Any CPU
		{526FE245-5297-419A-B9E3-F5A095FE9BFC}.Debug|Any CPU.Build.0 = Debug|Any CPU
		{526FE245-5297-419A-B9E3-F5A095FE9BFC}.Release|Any CPU.ActiveCfg = Release|Any CPU
		{526FE245-5297-419A-B9E3-F5A095FE9BFC}.Release|Any CPU.Build.0 = Release|Any CPU
	EndGlobalSection
	GlobalSection(SolutionProperties) = preSolution
		HideSolutionNode = FALSE
	EndGlobalSection
EndGlobal
